
Microsoft Visual Studio Solution File, Format Version 12.00
# Visual Studio 15
VisualStudioVersion = 15.0.28307.705
MinimumVisualStudioVersion = 10.0.40219.1
Project("{2150E333-8FDC-42A3-9474-1A3956D46DE8}") = "Calc_Lambda_Expressions", "Calc_Lambda_Expressions", "{934D0444-1CB1-4682-9303-3AE070A38C23}"
EndProject
Project("{FAE04EC0-301F-11D3-BF4B-00C04F79EFBC}") = "SimpleCalc", "SimpleCalc\SimpleCalc.csproj", "{6928AFB7-9551-40A8-9EDE-5260B99662D5}"
EndProject
Global
	GlobalSection(SolutionConfigurationPlatforms) = preSolution
		Debug|Any CPU = Debug|Any CPU
		Release|Any CPU = Release|Any CPU
	EndGlobalSection
	GlobalSection(ProjectConfigurationPlatforms) = postSolution
		{6928AFB7-9551-40A8-9EDE-5260B99662D5}.Debug|Any CPU.ActiveCfg = Debug|Any CPU
		{6928AFB7-9551-40A8-9EDE-5260B99662D5}.Debug|Any CPU.Build.0 = Debug|Any CPU
		{6928AFB7-9551-40A8-9EDE-5260B99662D5}.Release|Any CPU.ActiveCfg = Release|Any CPU
		{6928AFB7-9551-40A8-9EDE-5260B99662D5}.Release|Any CPU.Build.0 = Release|Any CPU
	EndGlobalSection
	GlobalSection(SolutionProperties) = preSolution
		HideSolutionNode = FALSE
	EndGlobalSection
	GlobalSection(NestedProjects) = preSolution
		{6928AFB7-9551-40A8-9EDE-5260B99662D5} = {934D0444-1CB1-4682-9303-3AE070A38C23}
	EndGlobalSection
	GlobalSection(ExtensibilityGlobals) = postSolution
		SolutionGuid = {81201A5A-8C2C-4C32-A061-787643C55250}
	EndGlobalSection
EndGlobal
