
Microsoft Visual Studio Solution File, Format Version 12.00
# Visual Studio 15
VisualStudioVersion = 15.0.28307.705
MinimumVisualStudioVersion = 10.0.40219.1
Project("{2150E333-8FDC-42A3-9474-1A3956D46DE8}") = "Deikstra", "Deikstra", "{934D0444-1CB1-4682-9303-3AE070A38C23}"
EndProject
Project("{2150E333-8FDC-42A3-9474-1A3956D46DE8}") = "The_Matrix_Threads", "The_Matrix_Threads", "{CFF0AFD4-9D09-4C7E-BAEF-2EDBDEDA9760}"
EndProject
Project("{FAE04EC0-301F-11D3-BF4B-00C04F79EFBC}") = "Matrix_Screen", "Matrix_Screen\Matrix_Screen.csproj", "{56D2546C-EEFB-4F9E-BA26-D7E92DD7861E}"
EndProject
Project("{2150E333-8FDC-42A3-9474-1A3956D46DE8}") = "The_Pythons_Game_Threads", "The_Pythons_Game_Threads", "{82889BE4-DC72-4539-9892-43F3B57AD050}"
EndProject
Project("{FAE04EC0-301F-11D3-BF4B-00C04F79EFBC}") = "PythonsGame", "PythonsGame\PythonsGame.csproj", "{99EA89D9-1A1A-4762-92DA-934F941599E4}"
EndProject
Project("{2150E333-8FDC-42A3-9474-1A3956D46DE8}") = "Scrabble", "Scrabble", "{7CDFD344-6266-480F-A8C1-7F370ABBC1D1}"
EndProject
Project("{FAE04EC0-301F-11D3-BF4B-00C04F79EFBC}") = "Scrabble", "Scrabble\Scrabble.csproj", "{FAC4BA74-37A4-42E9-B471-FEE04F104F98}"
EndProject
Project("{FAE04EC0-301F-11D3-BF4B-00C04F79EFBC}") = "Deikstra", "Deikstra\Deikstra.csproj", "{ED119BA8-A4EF-4E17-87AB-22366AC29C0E}"
EndProject
Project("{2150E333-8FDC-42A3-9474-1A3956D46DE8}") = "Dice", "Dice", "{7DD6B1F0-F2E9-4B8B-8634-9657DC5AACF7}"
EndProject
Project("{FAE04EC0-301F-11D3-BF4B-00C04F79EFBC}") = "Dice", "Dice\Dice.csproj", "{7DA18096-5959-4233-85A7-D1BE48AE5410}"
EndProject
Project("{2150E333-8FDC-42A3-9474-1A3956D46DE8}") = "2048", "2048", "{B8BC80F7-3C6B-4B46-8ECF-32DD139644AC}"
EndProject
Project("{FAE04EC0-301F-11D3-BF4B-00C04F79EFBC}") = "2048", "2048\2048.csproj", "{C08EDFBA-A363-42D7-B543-3862989F4C81}"
EndProject
Project("{2150E333-8FDC-42A3-9474-1A3956D46DE8}") = "PingPong", "PingPong", "{0F051EEC-3898-4EE4-9872-A7BA3A906779}"
EndProject
Project("{FAE04EC0-301F-11D3-BF4B-00C04F79EFBC}") = "PingPong", "PingPong\PingPong.csproj", "{8F56505A-F6A9-4E06-8A12-78E93605BE2F}"
EndProject
Project("{2150E333-8FDC-42A3-9474-1A3956D46DE8}") = "NotePad", "NotePad", "{AD8041EE-C9E4-4218-812D-A380D0230B14}"
EndProject
Project("{FAE04EC0-301F-11D3-BF4B-00C04F79EFBC}") = "NotePad", "NotePad\NotePad.csproj", "{5BE9D016-EDA6-4AAA-8699-A574CAEDC10F}"
EndProject
Project("{2150E333-8FDC-42A3-9474-1A3956D46DE8}") = "TicTacToe", "TicTacToe", "{E1564D97-5576-429B-B1F6-91AD075C3917}"
EndProject
Project("{FAE04EC0-301F-11D3-BF4B-00C04F79EFBC}") = "TicTacToe", "TicTacToe\TicTacToe.csproj", "{905A2578-932C-421C-B733-5D164A0E76A0}"
EndProject
Global
	GlobalSection(SolutionConfigurationPlatforms) = preSolution
		Debug|Any CPU = Debug|Any CPU
		Release|Any CPU = Release|Any CPU
	EndGlobalSection
	GlobalSection(ProjectConfigurationPlatforms) = postSolution
		{56D2546C-EEFB-4F9E-BA26-D7E92DD7861E}.Debug|Any CPU.ActiveCfg = Debug|Any CPU
		{56D2546C-EEFB-4F9E-BA26-D7E92DD7861E}.Debug|Any CPU.Build.0 = Debug|Any CPU
		{56D2546C-EEFB-4F9E-BA26-D7E92DD7861E}.Release|Any CPU.ActiveCfg = Release|Any CPU
		{56D2546C-EEFB-4F9E-BA26-D7E92DD7861E}.Release|Any CPU.Build.0 = Release|Any CPU
		{99EA89D9-1A1A-4762-92DA-934F941599E4}.Debug|Any CPU.ActiveCfg = Debug|Any CPU
		{99EA89D9-1A1A-4762-92DA-934F941599E4}.Debug|Any CPU.Build.0 = Debug|Any CPU
		{99EA89D9-1A1A-4762-92DA-934F941599E4}.Release|Any CPU.ActiveCfg = Release|Any CPU
		{99EA89D9-1A1A-4762-92DA-934F941599E4}.Release|Any CPU.Build.0 = Release|Any CPU
		{FAC4BA74-37A4-42E9-B471-FEE04F104F98}.Debug|Any CPU.ActiveCfg = Debug|Any CPU
		{FAC4BA74-37A4-42E9-B471-FEE04F104F98}.Debug|Any CPU.Build.0 = Debug|Any CPU
		{FAC4BA74-37A4-42E9-B471-FEE04F104F98}.Release|Any CPU.ActiveCfg = Release|Any CPU
		{FAC4BA74-37A4-42E9-B471-FEE04F104F98}.Release|Any CPU.Build.0 = Release|Any CPU
		{ED119BA8-A4EF-4E17-87AB-22366AC29C0E}.Debug|Any CPU.ActiveCfg = Debug|Any CPU
		{ED119BA8-A4EF-4E17-87AB-22366AC29C0E}.Debug|Any CPU.Build.0 = Debug|Any CPU
		{ED119BA8-A4EF-4E17-87AB-22366AC29C0E}.Release|Any CPU.ActiveCfg = Release|Any CPU
		{ED119BA8-A4EF-4E17-87AB-22366AC29C0E}.Release|Any CPU.Build.0 = Release|Any CPU
		{7DA18096-5959-4233-85A7-D1BE48AE5410}.Debug|Any CPU.ActiveCfg = Debug|Any CPU
		{7DA18096-5959-4233-85A7-D1BE48AE5410}.Debug|Any CPU.Build.0 = Debug|Any CPU
		{7DA18096-5959-4233-85A7-D1BE48AE5410}.Release|Any CPU.ActiveCfg = Release|Any CPU
		{7DA18096-5959-4233-85A7-D1BE48AE5410}.Release|Any CPU.Build.0 = Release|Any CPU
		{C08EDFBA-A363-42D7-B543-3862989F4C81}.Debug|Any CPU.ActiveCfg = Debug|Any CPU
		{C08EDFBA-A363-42D7-B543-3862989F4C81}.Debug|Any CPU.Build.0 = Debug|Any CPU
		{C08EDFBA-A363-42D7-B543-3862989F4C81}.Release|Any CPU.ActiveCfg = Release|Any CPU
		{C08EDFBA-A363-42D7-B543-3862989F4C81}.Release|Any CPU.Build.0 = Release|Any CPU
		{8F56505A-F6A9-4E06-8A12-78E93605BE2F}.Debug|Any CPU.ActiveCfg = Debug|Any CPU
		{8F56505A-F6A9-4E06-8A12-78E93605BE2F}.Debug|Any CPU.Build.0 = Debug|Any CPU
		{8F56505A-F6A9-4E06-8A12-78E93605BE2F}.Release|Any CPU.ActiveCfg = Release|Any CPU
		{8F56505A-F6A9-4E06-8A12-78E93605BE2F}.Release|Any CPU.Build.0 = Release|Any CPU
		{5BE9D016-EDA6-4AAA-8699-A574CAEDC10F}.Debug|Any CPU.ActiveCfg = Debug|Any CPU
		{5BE9D016-EDA6-4AAA-8699-A574CAEDC10F}.Debug|Any CPU.Build.0 = Debug|Any CPU
		{5BE9D016-EDA6-4AAA-8699-A574CAEDC10F}.Release|Any CPU.ActiveCfg = Release|Any CPU
		{5BE9D016-EDA6-4AAA-8699-A574CAEDC10F}.Release|Any CPU.Build.0 = Release|Any CPU
		{905A2578-932C-421C-B733-5D164A0E76A0}.Debug|Any CPU.ActiveCfg = Debug|Any CPU
		{905A2578-932C-421C-B733-5D164A0E76A0}.Debug|Any CPU.Build.0 = Debug|Any CPU
		{905A2578-932C-421C-B733-5D164A0E76A0}.Release|Any CPU.ActiveCfg = Release|Any CPU
		{905A2578-932C-421C-B733-5D164A0E76A0}.Release|Any CPU.Build.0 = Release|Any CPU
	EndGlobalSection
	GlobalSection(SolutionProperties) = preSolution
		HideSolutionNode = FALSE
	EndGlobalSection
	GlobalSection(NestedProjects) = preSolution
		{56D2546C-EEFB-4F9E-BA26-D7E92DD7861E} = {CFF0AFD4-9D09-4C7E-BAEF-2EDBDEDA9760}
		{99EA89D9-1A1A-4762-92DA-934F941599E4} = {82889BE4-DC72-4539-9892-43F3B57AD050}
		{FAC4BA74-37A4-42E9-B471-FEE04F104F98} = {7CDFD344-6266-480F-A8C1-7F370ABBC1D1}
		{ED119BA8-A4EF-4E17-87AB-22366AC29C0E} = {934D0444-1CB1-4682-9303-3AE070A38C23}
		{7DA18096-5959-4233-85A7-D1BE48AE5410} = {7DD6B1F0-F2E9-4B8B-8634-9657DC5AACF7}
		{C08EDFBA-A363-42D7-B543-3862989F4C81} = {B8BC80F7-3C6B-4B46-8ECF-32DD139644AC}
		{8F56505A-F6A9-4E06-8A12-78E93605BE2F} = {0F051EEC-3898-4EE4-9872-A7BA3A906779}
		{5BE9D016-EDA6-4AAA-8699-A574CAEDC10F} = {AD8041EE-C9E4-4218-812D-A380D0230B14}
		{905A2578-932C-421C-B733-5D164A0E76A0} = {E1564D97-5576-429B-B1F6-91AD075C3917}
	EndGlobalSection
	GlobalSection(ExtensibilityGlobals) = postSolution
		SolutionGuid = {81201A5A-8C2C-4C32-A061-787643C55250}
	EndGlobalSection
EndGlobal
